// !$*UTF8*$!
{
	archiveVersion = 1;
	classes = {
	};
	objectVersion = 56;
	objects = {

/* Begin PBXBuildFile section */
		5902432F2A3792050039E390 /* Colors.xcassets in Resources */ = {isa = PBXBuildFile; fileRef = 5902432E2A3792050039E390 /* Colors.xcassets */; };
		590243312A3798080039E390 /* Colors.swift in Sources */ = {isa = PBXBuildFile; fileRef = 590243302A3798080039E390 /* Colors.swift */; };
		5925E8492A041BF500D71D9F /* AppDelegate.swift in Sources */ = {isa = PBXBuildFile; fileRef = 5925E8482A041BF500D71D9F /* AppDelegate.swift */; };
		5925E84B2A041BF500D71D9F /* SceneDelegate.swift in Sources */ = {isa = PBXBuildFile; fileRef = 5925E84A2A041BF500D71D9F /* SceneDelegate.swift */; };
		5925E8522A041BF600D71D9F /* Assets.xcassets in Resources */ = {isa = PBXBuildFile; fileRef = 5925E8512A041BF600D71D9F /* Assets.xcassets */; };
		5925E8552A041BF600D71D9F /* LaunchScreen.storyboard in Resources */ = {isa = PBXBuildFile; fileRef = 5925E8532A041BF600D71D9F /* LaunchScreen.storyboard */; };
		5925E86D2A0422C000D71D9F /* TabBarController.swift in Sources */ = {isa = PBXBuildFile; fileRef = 5925E86C2A0422C000D71D9F /* TabBarController.swift */; };
		5925E8792A04304C00D71D9F /* HighlightCollectionCell.swift in Sources */ = {isa = PBXBuildFile; fileRef = 5925E8772A04304C00D71D9F /* HighlightCollectionCell.swift */; };
		5925E87A2A04304C00D71D9F /* HighlightCollectionCell.xib in Resources */ = {isa = PBXBuildFile; fileRef = 5925E8782A04304C00D71D9F /* HighlightCollectionCell.xib */; };
		5925E87C2A04325700D71D9F /* UICollectionView+Ext.swift in Sources */ = {isa = PBXBuildFile; fileRef = 5925E87B2A04325700D71D9F /* UICollectionView+Ext.swift */; };
		5925E87E2A04328800D71D9F /* NibReuseProtocol.swift in Sources */ = {isa = PBXBuildFile; fileRef = 5925E87D2A04328800D71D9F /* NibReuseProtocol.swift */; };
		5925E8802A0432AA00D71D9F /* UITableView+Ext.swift in Sources */ = {isa = PBXBuildFile; fileRef = 5925E87F2A0432AA00D71D9F /* UITableView+Ext.swift */; };
		5925E8872A04369000D71D9F /* HomeVC.swift in Sources */ = {isa = PBXBuildFile; fileRef = 5925E8852A04369000D71D9F /* HomeVC.swift */; };
		5925E8882A04369000D71D9F /* HomeVC.xib in Resources */ = {isa = PBXBuildFile; fileRef = 5925E8862A04369000D71D9F /* HomeVC.xib */; };
		5925E88A2A0446E900D71D9F /* HomeVM.swift in Sources */ = {isa = PBXBuildFile; fileRef = 5925E8892A0446E900D71D9F /* HomeVM.swift */; };
		592E1A6D2A07F2D9007DABBB /* NetworkHelper.swift in Sources */ = {isa = PBXBuildFile; fileRef = 592E1A6C2A07F2D9007DABBB /* NetworkHelper.swift */; };
		592E1A6F2A07F2E1007DABBB /* NetworkManager.swift in Sources */ = {isa = PBXBuildFile; fileRef = 592E1A6E2A07F2E1007DABBB /* NetworkManager.swift */; };
		592E1A722A07F447007DABBB /* MovieService.swift in Sources */ = {isa = PBXBuildFile; fileRef = 592E1A712A07F447007DABBB /* MovieService.swift */; };
		592E1A742A07F455007DABBB /* MovieHelper.swift in Sources */ = {isa = PBXBuildFile; fileRef = 592E1A732A07F455007DABBB /* MovieHelper.swift */; };
		592E1A782A0800E1007DABBB /* Constant.swift in Sources */ = {isa = PBXBuildFile; fileRef = 592E1A772A0800E1007DABBB /* Constant.swift */; };
		592E1A7A2A080128007DABBB /* UIImageView+Ext.swift in Sources */ = {isa = PBXBuildFile; fileRef = 592E1A792A080128007DABBB /* UIImageView+Ext.swift */; };
		592E1A832A081022007DABBB /* MovieTableCell.swift in Sources */ = {isa = PBXBuildFile; fileRef = 592E1A812A081022007DABBB /* MovieTableCell.swift */; };
		592E1A842A081022007DABBB /* MovieTableCell.xib in Resources */ = {isa = PBXBuildFile; fileRef = 592E1A822A081022007DABBB /* MovieTableCell.xib */; };
		592E1A862A096F31007DABBB /* UIImage+Ext.swift in Sources */ = {isa = PBXBuildFile; fileRef = 592E1A852A096F31007DABBB /* UIImage+Ext.swift */; };
		592E1A8A2A0973E3007DABBB /* FilterSheet.swift in Sources */ = {isa = PBXBuildFile; fileRef = 592E1A882A0973E3007DABBB /* FilterSheet.swift */; };
		592E1A8B2A0973E3007DABBB /* FilterSheet.xib in Resources */ = {isa = PBXBuildFile; fileRef = 592E1A892A0973E3007DABBB /* FilterSheet.xib */; };
		592E1A902A097475007DABBB /* FilterTableCell.swift in Sources */ = {isa = PBXBuildFile; fileRef = 592E1A8E2A097475007DABBB /* FilterTableCell.swift */; };
		592E1A912A097475007DABBB /* FilterTableCell.xib in Resources */ = {isa = PBXBuildFile; fileRef = 592E1A8F2A097475007DABBB /* FilterTableCell.xib */; };
		592E1A932A097996007DABBB /* FilterVM.swift in Sources */ = {isa = PBXBuildFile; fileRef = 592E1A922A097996007DABBB /* FilterVM.swift */; };
		592E1A952A0979EF007DABBB /* FilterModel.swift in Sources */ = {isa = PBXBuildFile; fileRef = 592E1A942A0979EF007DABBB /* FilterModel.swift */; };
		5962C2C62A14298800C64427 /* GenreCollectionCell.swift in Sources */ = {isa = PBXBuildFile; fileRef = 5962C2C42A14298800C64427 /* GenreCollectionCell.swift */; };
		5962C2C72A14298800C64427 /* GenreCollectionCell.xib in Resources */ = {isa = PBXBuildFile; fileRef = 5962C2C52A14298800C64427 /* GenreCollectionCell.xib */; };
		5963ACD82A2B3EC000C67643 /* PlaceholderTextView.xib in Resources */ = {isa = PBXBuildFile; fileRef = 5963ACD72A2B3EC000C67643 /* PlaceholderTextView.xib */; };
		5963ACDA2A2B3EC800C67643 /* PlaceholderTextView.swift in Sources */ = {isa = PBXBuildFile; fileRef = 5963ACD92A2B3EC800C67643 /* PlaceholderTextView.swift */; };
		596C1EE52A2208B300F92577 /* CastCollectionCell.swift in Sources */ = {isa = PBXBuildFile; fileRef = 596C1EE32A2208B300F92577 /* CastCollectionCell.swift */; };
		596C1EE62A2208B300F92577 /* CastCollectionCell.xib in Resources */ = {isa = PBXBuildFile; fileRef = 596C1EE42A2208B300F92577 /* CastCollectionCell.xib */; };
		596C1EEE2A223B0400F92577 /* MovieSearchVC.swift in Sources */ = {isa = PBXBuildFile; fileRef = 596C1EEC2A223B0400F92577 /* MovieSearchVC.swift */; };
		596C1EEF2A223B0400F92577 /* MovieSearchVC.xib in Resources */ = {isa = PBXBuildFile; fileRef = 596C1EED2A223B0400F92577 /* MovieSearchVC.xib */; };
		596C1EF12A223B7000F92577 /* MovieSearchVM.swift in Sources */ = {isa = PBXBuildFile; fileRef = 596C1EF02A223B7000F92577 /* MovieSearchVM.swift */; };
		596C1EFA2A237B8E00F92577 /* UINavigationController+Ext.swift in Sources */ = {isa = PBXBuildFile; fileRef = 596C1EF92A237B8E00F92577 /* UINavigationController+Ext.swift */; };
		596E1A852A25440D00E76A91 /* UITextField+Ext.swift in Sources */ = {isa = PBXBuildFile; fileRef = 596E1A842A25440D00E76A91 /* UITextField+Ext.swift */; };
		59705A012A1FFAEB00C18A79 /* CastService.swift in Sources */ = {isa = PBXBuildFile; fileRef = 59705A002A1FFAEB00C18A79 /* CastService.swift */; };
		59705A032A1FFBFA00C18A79 /* CastsModel.swift in Sources */ = {isa = PBXBuildFile; fileRef = 59705A022A1FFBFA00C18A79 /* CastsModel.swift */; };
		59705A092A1FFED300C18A79 /* MoviesModel.swift in Sources */ = {isa = PBXBuildFile; fileRef = 59705A082A1FFED300C18A79 /* MoviesModel.swift */; };
		59AB2D112A15615B00EFFBB1 /* MovieModel.swift in Sources */ = {isa = PBXBuildFile; fileRef = 59AB2D102A15615B00EFFBB1 /* MovieModel.swift */; };
		59E77E872A0CCAB3005217D8 /* MovieDetailVC.swift in Sources */ = {isa = PBXBuildFile; fileRef = 59E77E852A0CCAB3005217D8 /* MovieDetailVC.swift */; };
		59E77E882A0CCAB3005217D8 /* MovieDetailVC.xib in Resources */ = {isa = PBXBuildFile; fileRef = 59E77E862A0CCAB3005217D8 /* MovieDetailVC.xib */; };
		59E77E8C2A0CCAE0005217D8 /* MovieDetailVM.swift in Sources */ = {isa = PBXBuildFile; fileRef = 59E77E8B2A0CCAE0005217D8 /* MovieDetailVM.swift */; };
		5FDC43A3DDDD6249DB4CD9F9 /* Pods_swift_movie_tracker_mvvm.framework in Frameworks */ = {isa = PBXBuildFile; fileRef = E016160541FE9E98FAE89D8E /* Pods_swift_movie_tracker_mvvm.framework */; };
/* End PBXBuildFile section */

/* Begin PBXFileReference section */
		435018CD96903D1ECBCD4870 /* Pods-swift-movie-tracker-mvvm.release.xcconfig */ = {isa = PBXFileReference; includeInIndex = 1; lastKnownFileType = text.xcconfig; name = "Pods-swift-movie-tracker-mvvm.release.xcconfig"; path = "Target Support Files/Pods-swift-movie-tracker-mvvm/Pods-swift-movie-tracker-mvvm.release.xcconfig"; sourceTree = "<group>"; };
		5902432E2A3792050039E390 /* Colors.xcassets */ = {isa = PBXFileReference; lastKnownFileType = folder.assetcatalog; path = Colors.xcassets; sourceTree = "<group>"; };
		590243302A3798080039E390 /* Colors.swift */ = {isa = PBXFileReference; lastKnownFileType = sourcecode.swift; path = Colors.swift; sourceTree = "<group>"; };
		5925E8452A041BF500D71D9F /* swift-movie-tracker-mvvm.app */ = {isa = PBXFileReference; explicitFileType = wrapper.application; includeInIndex = 0; path = "swift-movie-tracker-mvvm.app"; sourceTree = BUILT_PRODUCTS_DIR; };
		5925E8482A041BF500D71D9F /* AppDelegate.swift */ = {isa = PBXFileReference; lastKnownFileType = sourcecode.swift; path = AppDelegate.swift; sourceTree = "<group>"; };
		5925E84A2A041BF500D71D9F /* SceneDelegate.swift */ = {isa = PBXFileReference; lastKnownFileType = sourcecode.swift; path = SceneDelegate.swift; sourceTree = "<group>"; };
		5925E8512A041BF600D71D9F /* Assets.xcassets */ = {isa = PBXFileReference; lastKnownFileType = folder.assetcatalog; path = Assets.xcassets; sourceTree = "<group>"; };
		5925E8542A041BF600D71D9F /* Base */ = {isa = PBXFileReference; lastKnownFileType = file.storyboard; name = Base; path = Base.lproj/LaunchScreen.storyboard; sourceTree = "<group>"; };
		5925E8562A041BF600D71D9F /* Info.plist */ = {isa = PBXFileReference; lastKnownFileType = text.plist.xml; path = Info.plist; sourceTree = "<group>"; };
		5925E86C2A0422C000D71D9F /* TabBarController.swift */ = {isa = PBXFileReference; lastKnownFileType = sourcecode.swift; path = TabBarController.swift; sourceTree = "<group>"; };
		5925E8772A04304C00D71D9F /* HighlightCollectionCell.swift */ = {isa = PBXFileReference; lastKnownFileType = sourcecode.swift; path = HighlightCollectionCell.swift; sourceTree = "<group>"; };
		5925E8782A04304C00D71D9F /* HighlightCollectionCell.xib */ = {isa = PBXFileReference; lastKnownFileType = file.xib; path = HighlightCollectionCell.xib; sourceTree = "<group>"; };
		5925E87B2A04325700D71D9F /* UICollectionView+Ext.swift */ = {isa = PBXFileReference; lastKnownFileType = sourcecode.swift; path = "UICollectionView+Ext.swift"; sourceTree = "<group>"; };
		5925E87D2A04328800D71D9F /* NibReuseProtocol.swift */ = {isa = PBXFileReference; lastKnownFileType = sourcecode.swift; path = NibReuseProtocol.swift; sourceTree = "<group>"; };
		5925E87F2A0432AA00D71D9F /* UITableView+Ext.swift */ = {isa = PBXFileReference; lastKnownFileType = sourcecode.swift; path = "UITableView+Ext.swift"; sourceTree = "<group>"; };
		5925E8852A04369000D71D9F /* HomeVC.swift */ = {isa = PBXFileReference; lastKnownFileType = sourcecode.swift; path = HomeVC.swift; sourceTree = "<group>"; };
		5925E8862A04369000D71D9F /* HomeVC.xib */ = {isa = PBXFileReference; lastKnownFileType = file.xib; path = HomeVC.xib; sourceTree = "<group>"; };
		5925E8892A0446E900D71D9F /* HomeVM.swift */ = {isa = PBXFileReference; lastKnownFileType = sourcecode.swift; path = HomeVM.swift; sourceTree = "<group>"; };
		592E1A6C2A07F2D9007DABBB /* NetworkHelper.swift */ = {isa = PBXFileReference; lastKnownFileType = sourcecode.swift; path = NetworkHelper.swift; sourceTree = "<group>"; };
		592E1A6E2A07F2E1007DABBB /* NetworkManager.swift */ = {isa = PBXFileReference; lastKnownFileType = sourcecode.swift; path = NetworkManager.swift; sourceTree = "<group>"; };
		592E1A712A07F447007DABBB /* MovieService.swift */ = {isa = PBXFileReference; lastKnownFileType = sourcecode.swift; path = MovieService.swift; sourceTree = "<group>"; };
		592E1A732A07F455007DABBB /* MovieHelper.swift */ = {isa = PBXFileReference; lastKnownFileType = sourcecode.swift; path = MovieHelper.swift; sourceTree = "<group>"; };
		592E1A772A0800E1007DABBB /* Constant.swift */ = {isa = PBXFileReference; lastKnownFileType = sourcecode.swift; path = Constant.swift; sourceTree = "<group>"; };
		592E1A792A080128007DABBB /* UIImageView+Ext.swift */ = {isa = PBXFileReference; lastKnownFileType = sourcecode.swift; path = "UIImageView+Ext.swift"; sourceTree = "<group>"; };
		592E1A812A081022007DABBB /* MovieTableCell.swift */ = {isa = PBXFileReference; lastKnownFileType = sourcecode.swift; path = MovieTableCell.swift; sourceTree = "<group>"; };
		592E1A822A081022007DABBB /* MovieTableCell.xib */ = {isa = PBXFileReference; lastKnownFileType = file.xib; path = MovieTableCell.xib; sourceTree = "<group>"; };
		592E1A852A096F31007DABBB /* UIImage+Ext.swift */ = {isa = PBXFileReference; lastKnownFileType = sourcecode.swift; path = "UIImage+Ext.swift"; sourceTree = "<group>"; };
		592E1A882A0973E3007DABBB /* FilterSheet.swift */ = {isa = PBXFileReference; lastKnownFileType = sourcecode.swift; path = FilterSheet.swift; sourceTree = "<group>"; };
		592E1A892A0973E3007DABBB /* FilterSheet.xib */ = {isa = PBXFileReference; lastKnownFileType = file.xib; path = FilterSheet.xib; sourceTree = "<group>"; };
		592E1A8E2A097475007DABBB /* FilterTableCell.swift */ = {isa = PBXFileReference; lastKnownFileType = sourcecode.swift; path = FilterTableCell.swift; sourceTree = "<group>"; };
		592E1A8F2A097475007DABBB /* FilterTableCell.xib */ = {isa = PBXFileReference; lastKnownFileType = file.xib; path = FilterTableCell.xib; sourceTree = "<group>"; };
		592E1A922A097996007DABBB /* FilterVM.swift */ = {isa = PBXFileReference; lastKnownFileType = sourcecode.swift; path = FilterVM.swift; sourceTree = "<group>"; };
		592E1A942A0979EF007DABBB /* FilterModel.swift */ = {isa = PBXFileReference; lastKnownFileType = sourcecode.swift; path = FilterModel.swift; sourceTree = "<group>"; };
		5962C2C42A14298800C64427 /* GenreCollectionCell.swift */ = {isa = PBXFileReference; lastKnownFileType = sourcecode.swift; path = GenreCollectionCell.swift; sourceTree = "<group>"; };
		5962C2C52A14298800C64427 /* GenreCollectionCell.xib */ = {isa = PBXFileReference; lastKnownFileType = file.xib; path = GenreCollectionCell.xib; sourceTree = "<group>"; };
		5963ACD72A2B3EC000C67643 /* PlaceholderTextView.xib */ = {isa = PBXFileReference; lastKnownFileType = file.xib; path = PlaceholderTextView.xib; sourceTree = "<group>"; };
		5963ACD92A2B3EC800C67643 /* PlaceholderTextView.swift */ = {isa = PBXFileReference; lastKnownFileType = sourcecode.swift; path = PlaceholderTextView.swift; sourceTree = "<group>"; };
		596C1EE32A2208B300F92577 /* CastCollectionCell.swift */ = {isa = PBXFileReference; lastKnownFileType = sourcecode.swift; path = CastCollectionCell.swift; sourceTree = "<group>"; };
		596C1EE42A2208B300F92577 /* CastCollectionCell.xib */ = {isa = PBXFileReference; lastKnownFileType = file.xib; path = CastCollectionCell.xib; sourceTree = "<group>"; };
		596C1EEC2A223B0400F92577 /* MovieSearchVC.swift */ = {isa = PBXFileReference; lastKnownFileType = sourcecode.swift; path = MovieSearchVC.swift; sourceTree = "<group>"; };
		596C1EED2A223B0400F92577 /* MovieSearchVC.xib */ = {isa = PBXFileReference; lastKnownFileType = file.xib; path = MovieSearchVC.xib; sourceTree = "<group>"; };
		596C1EF02A223B7000F92577 /* MovieSearchVM.swift */ = {isa = PBXFileReference; lastKnownFileType = sourcecode.swift; path = MovieSearchVM.swift; sourceTree = "<group>"; };
		596C1EF92A237B8E00F92577 /* UINavigationController+Ext.swift */ = {isa = PBXFileReference; lastKnownFileType = sourcecode.swift; path = "UINavigationController+Ext.swift"; sourceTree = "<group>"; };
		596E1A842A25440D00E76A91 /* UITextField+Ext.swift */ = {isa = PBXFileReference; lastKnownFileType = sourcecode.swift; path = "UITextField+Ext.swift"; sourceTree = "<group>"; };
		59705A002A1FFAEB00C18A79 /* CastService.swift */ = {isa = PBXFileReference; lastKnownFileType = sourcecode.swift; path = CastService.swift; sourceTree = "<group>"; };
		59705A022A1FFBFA00C18A79 /* CastsModel.swift */ = {isa = PBXFileReference; lastKnownFileType = sourcecode.swift; path = CastsModel.swift; sourceTree = "<group>"; };
		59705A082A1FFED300C18A79 /* MoviesModel.swift */ = {isa = PBXFileReference; lastKnownFileType = sourcecode.swift; path = MoviesModel.swift; sourceTree = "<group>"; };
		59AB2D102A15615B00EFFBB1 /* MovieModel.swift */ = {isa = PBXFileReference; lastKnownFileType = sourcecode.swift; path = MovieModel.swift; sourceTree = "<group>"; };
		59E77E852A0CCAB3005217D8 /* MovieDetailVC.swift */ = {isa = PBXFileReference; lastKnownFileType = sourcecode.swift; path = MovieDetailVC.swift; sourceTree = "<group>"; };
		59E77E862A0CCAB3005217D8 /* MovieDetailVC.xib */ = {isa = PBXFileReference; lastKnownFileType = file.xib; path = MovieDetailVC.xib; sourceTree = "<group>"; };
		59E77E8B2A0CCAE0005217D8 /* MovieDetailVM.swift */ = {isa = PBXFileReference; lastKnownFileType = sourcecode.swift; path = MovieDetailVM.swift; sourceTree = "<group>"; };
		D846A29C1DE38426C0FD6B52 /* Pods-swift-movie-tracker-mvvm.debug.xcconfig */ = {isa = PBXFileReference; includeInIndex = 1; lastKnownFileType = text.xcconfig; name = "Pods-swift-movie-tracker-mvvm.debug.xcconfig"; path = "Target Support Files/Pods-swift-movie-tracker-mvvm/Pods-swift-movie-tracker-mvvm.debug.xcconfig"; sourceTree = "<group>"; };
		E016160541FE9E98FAE89D8E /* Pods_swift_movie_tracker_mvvm.framework */ = {isa = PBXFileReference; explicitFileType = wrapper.framework; includeInIndex = 0; path = Pods_swift_movie_tracker_mvvm.framework; sourceTree = BUILT_PRODUCTS_DIR; };
/* End PBXFileReference section */

/* Begin PBXFrameworksBuildPhase section */
		5925E8422A041BF500D71D9F /* Frameworks */ = {
			isa = PBXFrameworksBuildPhase;
			buildActionMask = 2147483647;
			files = (
				5FDC43A3DDDD6249DB4CD9F9 /* Pods_swift_movie_tracker_mvvm.framework in Frameworks */,
			);
			runOnlyForDeploymentPostprocessing = 0;
		};
/* End PBXFrameworksBuildPhase section */

/* Begin PBXGroup section */
		441D0BBC5E0B66A68D111661 /* Pods */ = {
			isa = PBXGroup;
			children = (
				D846A29C1DE38426C0FD6B52 /* Pods-swift-movie-tracker-mvvm.debug.xcconfig */,
				435018CD96903D1ECBCD4870 /* Pods-swift-movie-tracker-mvvm.release.xcconfig */,
			);
			path = Pods;
			sourceTree = "<group>";
		};
		4A0A4BB89EA28A302794B412 /* Frameworks */ = {
			isa = PBXGroup;
			children = (
				E016160541FE9E98FAE89D8E /* Pods_swift_movie_tracker_mvvm.framework */,
			);
			name = Frameworks;
			sourceTree = "<group>";
		};
		5925E83C2A041BF500D71D9F = {
			isa = PBXGroup;
			children = (
				5925E8472A041BF500D71D9F /* swift-movie-tracker-mvvm */,
				5925E8462A041BF500D71D9F /* Products */,
				441D0BBC5E0B66A68D111661 /* Pods */,
				4A0A4BB89EA28A302794B412 /* Frameworks */,
			);
			sourceTree = "<group>";
		};
		5925E8462A041BF500D71D9F /* Products */ = {
			isa = PBXGroup;
			children = (
				5925E8452A041BF500D71D9F /* swift-movie-tracker-mvvm.app */,
			);
			name = Products;
			sourceTree = "<group>";
		};
		5925E8472A041BF500D71D9F /* swift-movie-tracker-mvvm */ = {
			isa = PBXGroup;
			children = (
				5925E85C2A041ECE00D71D9F /* Base */,
				5925E85D2A041F1300D71D9F /* Resources */,
				5925E85E2A041F2400D71D9F /* Utils */,
				5925E85F2A041F3000D71D9F /* Protocols */,
				5925E8602A041F3C00D71D9F /* Extensions */,
				5925E8632A041F5F00D71D9F /* Services */,
				5925E8612A041F4400D71D9F /* Models */,
				5925E8622A041F5300D71D9F /* Screens */,
			);
			path = "swift-movie-tracker-mvvm";
			sourceTree = "<group>";
		};
		5925E85C2A041ECE00D71D9F /* Base */ = {
			isa = PBXGroup;
			children = (
				5925E8482A041BF500D71D9F /* AppDelegate.swift */,
				5925E84A2A041BF500D71D9F /* SceneDelegate.swift */,
				5925E8532A041BF600D71D9F /* LaunchScreen.storyboard */,
				5925E8562A041BF600D71D9F /* Info.plist */,
			);
			path = Base;
			sourceTree = "<group>";
		};
		5925E85D2A041F1300D71D9F /* Resources */ = {
			isa = PBXGroup;
			children = (
				5925E8512A041BF600D71D9F /* Assets.xcassets */,
				5902432E2A3792050039E390 /* Colors.xcassets */,
			);
			path = Resources;
			sourceTree = "<group>";
		};
		5925E85E2A041F2400D71D9F /* Utils */ = {
			isa = PBXGroup;
			children = (
				592E1A772A0800E1007DABBB /* Constant.swift */,
				590243302A3798080039E390 /* Colors.swift */,
			);
			path = Utils;
			sourceTree = "<group>";
		};
		5925E85F2A041F3000D71D9F /* Protocols */ = {
			isa = PBXGroup;
			children = (
				5925E87D2A04328800D71D9F /* NibReuseProtocol.swift */,
			);
			path = Protocols;
			sourceTree = "<group>";
		};
		5925E8602A041F3C00D71D9F /* Extensions */ = {
			isa = PBXGroup;
			children = (
				5925E87B2A04325700D71D9F /* UICollectionView+Ext.swift */,
				5925E87F2A0432AA00D71D9F /* UITableView+Ext.swift */,
				592E1A792A080128007DABBB /* UIImageView+Ext.swift */,
				592E1A852A096F31007DABBB /* UIImage+Ext.swift */,
				596C1EF92A237B8E00F92577 /* UINavigationController+Ext.swift */,
				596E1A842A25440D00E76A91 /* UITextField+Ext.swift */,
			);
			path = Extensions;
			sourceTree = "<group>";
		};
		5925E8612A041F4400D71D9F /* Models */ = {
			isa = PBXGroup;
			children = (
				59705A082A1FFED300C18A79 /* MoviesModel.swift */,
			);
			path = Models;
			sourceTree = "<group>";
		};
		5925E8622A041F5300D71D9F /* Screens */ = {
			isa = PBXGroup;
			children = (
				5963ACD52A2B3E8F00C67643 /* Components */,
				5925E8642A041F9E00D71D9F /* TabBar */,
				5925E8652A04204A00D71D9F /* Home */,
				59E77E812A0CC9D8005217D8 /* MovieDetail */,
				596C1EE72A223A5400F92577 /* MovieSearch */,
			);
			path = Screens;
			sourceTree = "<group>";
		};
		5925E8632A041F5F00D71D9F /* Services */ = {
			isa = PBXGroup;
			children = (
				5925E8662A0421A200D71D9F /* Core */,
				592E1A702A07F412007DABBB /* Movie */,
				597059FF2A1FFAD700C18A79 /* Cast */,
			);
			path = Services;
			sourceTree = "<group>";
		};
		5925E8642A041F9E00D71D9F /* TabBar */ = {
			isa = PBXGroup;
			children = (
				5925E86C2A0422C000D71D9F /* TabBarController.swift */,
			);
			path = TabBar;
			sourceTree = "<group>";
		};
		5925E8652A04204A00D71D9F /* Home */ = {
			isa = PBXGroup;
			children = (
				5925E8722A042CBD00D71D9F /* Model */,
				5925E8742A042CCA00D71D9F /* View */,
				5925E8732A042CC300D71D9F /* ViewModel */,
			);
			path = Home;
			sourceTree = "<group>";
		};
		5925E8662A0421A200D71D9F /* Core */ = {
			isa = PBXGroup;
			children = (
				592E1A6C2A07F2D9007DABBB /* NetworkHelper.swift */,
				592E1A6E2A07F2E1007DABBB /* NetworkManager.swift */,
			);
			path = Core;
			sourceTree = "<group>";
		};
		5925E8722A042CBD00D71D9F /* Model */ = {
			isa = PBXGroup;
			children = (
				592E1A942A0979EF007DABBB /* FilterModel.swift */,
			);
			path = Model;
			sourceTree = "<group>";
		};
		5925E8732A042CC300D71D9F /* ViewModel */ = {
			isa = PBXGroup;
			children = (
				5925E8892A0446E900D71D9F /* HomeVM.swift */,
				592E1A922A097996007DABBB /* FilterVM.swift */,
			);
			path = ViewModel;
			sourceTree = "<group>";
		};
		5925E8742A042CCA00D71D9F /* View */ = {
			isa = PBXGroup;
			children = (
				5925E8752A04300900D71D9F /* Cells */,
				592E1A872A0973AC007DABBB /* Sheets */,
				5925E8852A04369000D71D9F /* HomeVC.swift */,
				5925E8862A04369000D71D9F /* HomeVC.xib */,
			);
			path = View;
			sourceTree = "<group>";
		};
		5925E8752A04300900D71D9F /* Cells */ = {
			isa = PBXGroup;
			children = (
				592E1A7B2A080F96007DABBB /* MovieTableCell */,
				5925E8762A04301600D71D9F /* HighlightCollectionCell */,
			);
			path = Cells;
			sourceTree = "<group>";
		};
		5925E8762A04301600D71D9F /* HighlightCollectionCell */ = {
			isa = PBXGroup;
			children = (
				5925E8772A04304C00D71D9F /* HighlightCollectionCell.swift */,
				5925E8782A04304C00D71D9F /* HighlightCollectionCell.xib */,
			);
			path = HighlightCollectionCell;
			sourceTree = "<group>";
		};
		592E1A702A07F412007DABBB /* Movie */ = {
			isa = PBXGroup;
			children = (
				592E1A712A07F447007DABBB /* MovieService.swift */,
				592E1A732A07F455007DABBB /* MovieHelper.swift */,
			);
			path = Movie;
			sourceTree = "<group>";
		};
		592E1A7B2A080F96007DABBB /* MovieTableCell */ = {
			isa = PBXGroup;
			children = (
				592E1A812A081022007DABBB /* MovieTableCell.swift */,
				592E1A822A081022007DABBB /* MovieTableCell.xib */,
			);
			path = MovieTableCell;
			sourceTree = "<group>";
		};
		592E1A872A0973AC007DABBB /* Sheets */ = {
			isa = PBXGroup;
			children = (
				592E1A8C2A0973ED007DABBB /* Cells */,
				592E1A882A0973E3007DABBB /* FilterSheet.swift */,
				592E1A892A0973E3007DABBB /* FilterSheet.xib */,
			);
			path = Sheets;
			sourceTree = "<group>";
		};
		592E1A8C2A0973ED007DABBB /* Cells */ = {
			isa = PBXGroup;
			children = (
				592E1A8E2A097475007DABBB /* FilterTableCell.swift */,
				592E1A8F2A097475007DABBB /* FilterTableCell.xib */,
			);
			path = Cells;
			sourceTree = "<group>";
		};
		5962C2C12A14294E00C64427 /* Cells */ = {
			isa = PBXGroup;
			children = (
				596C1EE12A22088300F92577 /* CastCollectionCell */,
				5962C2C22A14295400C64427 /* GenreCollectionCell */,
			);
			path = Cells;
			sourceTree = "<group>";
		};
		5962C2C22A14295400C64427 /* GenreCollectionCell */ = {
			isa = PBXGroup;
			children = (
				5962C2C42A14298800C64427 /* GenreCollectionCell.swift */,
				5962C2C52A14298800C64427 /* GenreCollectionCell.xib */,
			);
			path = GenreCollectionCell;
			sourceTree = "<group>";
		};
		5963ACD52A2B3E8F00C67643 /* Components */ = {
			isa = PBXGroup;
			children = (
				5963ACD62A2B3EB100C67643 /* PlaceholderTextView */,
			);
			path = Components;
			sourceTree = "<group>";
		};
		5963ACD62A2B3EB100C67643 /* PlaceholderTextView */ = {
			isa = PBXGroup;
			children = (
				5963ACD72A2B3EC000C67643 /* PlaceholderTextView.xib */,
				5963ACD92A2B3EC800C67643 /* PlaceholderTextView.swift */,
			);
			path = PlaceholderTextView;
			sourceTree = "<group>";
		};
		596C1EE12A22088300F92577 /* CastCollectionCell */ = {
			isa = PBXGroup;
			children = (
				596C1EE32A2208B300F92577 /* CastCollectionCell.swift */,
				596C1EE42A2208B300F92577 /* CastCollectionCell.xib */,
			);
			path = CastCollectionCell;
			sourceTree = "<group>";
		};
		596C1EE72A223A5400F92577 /* MovieSearch */ = {
			isa = PBXGroup;
			children = (
				596C1EE82A223AAF00F92577 /* Model */,
				596C1EE92A223AB300F92577 /* View */,
				596C1EEA2A223AB700F92577 /* ViewModel */,
			);
			path = MovieSearch;
			sourceTree = "<group>";
		};
		596C1EE82A223AAF00F92577 /* Model */ = {
			isa = PBXGroup;
			children = (
			);
			path = Model;
			sourceTree = "<group>";
		};
		596C1EE92A223AB300F92577 /* View */ = {
			isa = PBXGroup;
			children = (
				596C1EEC2A223B0400F92577 /* MovieSearchVC.swift */,
				596C1EED2A223B0400F92577 /* MovieSearchVC.xib */,
			);
			path = View;
			sourceTree = "<group>";
		};
		596C1EEA2A223AB700F92577 /* ViewModel */ = {
			isa = PBXGroup;
			children = (
				596C1EF02A223B7000F92577 /* MovieSearchVM.swift */,
			);
			path = ViewModel;
			sourceTree = "<group>";
		};
		597059FF2A1FFAD700C18A79 /* Cast */ = {
			isa = PBXGroup;
			children = (
				59705A002A1FFAEB00C18A79 /* CastService.swift */,
			);
			path = Cast;
			sourceTree = "<group>";
		};
		59E77E812A0CC9D8005217D8 /* MovieDetail */ = {
			isa = PBXGroup;
			children = (
				59E77E822A0CCA62005217D8 /* Model */,
				59E77E832A0CCA68005217D8 /* View */,
				59E77E842A0CCA6B005217D8 /* ViewModel */,
			);
			path = MovieDetail;
			sourceTree = "<group>";
		};
		59E77E822A0CCA62005217D8 /* Model */ = {
			isa = PBXGroup;
			children = (
				59AB2D102A15615B00EFFBB1 /* MovieModel.swift */,
				59705A022A1FFBFA00C18A79 /* CastsModel.swift */,
			);
			path = Model;
			sourceTree = "<group>";
		};
		59E77E832A0CCA68005217D8 /* View */ = {
			isa = PBXGroup;
			children = (
				5962C2C12A14294E00C64427 /* Cells */,
				59E77E852A0CCAB3005217D8 /* MovieDetailVC.swift */,
				59E77E862A0CCAB3005217D8 /* MovieDetailVC.xib */,
			);
			path = View;
			sourceTree = "<group>";
		};
		59E77E842A0CCA6B005217D8 /* ViewModel */ = {
			isa = PBXGroup;
			children = (
				59E77E8B2A0CCAE0005217D8 /* MovieDetailVM.swift */,
			);
			path = ViewModel;
			sourceTree = "<group>";
		};
/* End PBXGroup section */

/* Begin PBXNativeTarget section */
		5925E8442A041BF500D71D9F /* swift-movie-tracker-mvvm */ = {
			isa = PBXNativeTarget;
			buildConfigurationList = 5925E8592A041BF600D71D9F /* Build configuration list for PBXNativeTarget "swift-movie-tracker-mvvm" */;
			buildPhases = (
				EC2738706CF96A9EDCB3B613 /* [CP] Check Pods Manifest.lock */,
				5925E8412A041BF500D71D9F /* Sources */,
				5925E8422A041BF500D71D9F /* Frameworks */,
				5925E8432A041BF500D71D9F /* Resources */,
				A9A508838CB63B8252A648E0 /* [CP] Embed Pods Frameworks */,
			);
			buildRules = (
			);
			dependencies = (
			);
			name = "swift-movie-tracker-mvvm";
			productName = "swift-movie-tracker-mvvm";
			productReference = 5925E8452A041BF500D71D9F /* swift-movie-tracker-mvvm.app */;
			productType = "com.apple.product-type.application";
		};
/* End PBXNativeTarget section */

/* Begin PBXProject section */
		5925E83D2A041BF500D71D9F /* Project object */ = {
			isa = PBXProject;
			attributes = {
				BuildIndependentTargetsInParallel = 1;
				LastSwiftUpdateCheck = 1400;
				LastUpgradeCheck = 1400;
				TargetAttributes = {
					5925E8442A041BF500D71D9F = {
						CreatedOnToolsVersion = 14.0;
					};
				};
			};
			buildConfigurationList = 5925E8402A041BF500D71D9F /* Build configuration list for PBXProject "swift-movie-tracker-mvvm" */;
			compatibilityVersion = "Xcode 14.0";
			developmentRegion = en;
			hasScannedForEncodings = 0;
			knownRegions = (
				en,
				Base,
			);
			mainGroup = 5925E83C2A041BF500D71D9F;
			productRefGroup = 5925E8462A041BF500D71D9F /* Products */;
			projectDirPath = "";
			projectRoot = "";
			targets = (
				5925E8442A041BF500D71D9F /* swift-movie-tracker-mvvm */,
			);
		};
/* End PBXProject section */

/* Begin PBXResourcesBuildPhase section */
		5925E8432A041BF500D71D9F /* Resources */ = {
			isa = PBXResourcesBuildPhase;
			buildActionMask = 2147483647;
			files = (
				592E1A8B2A0973E3007DABBB /* FilterSheet.xib in Resources */,
				5925E87A2A04304C00D71D9F /* HighlightCollectionCell.xib in Resources */,
				5902432F2A3792050039E390 /* Colors.xcassets in Resources */,
				5925E8882A04369000D71D9F /* HomeVC.xib in Resources */,
				5963ACD82A2B3EC000C67643 /* PlaceholderTextView.xib in Resources */,
				592E1A912A097475007DABBB /* FilterTableCell.xib in Resources */,
				5925E8552A041BF600D71D9F /* LaunchScreen.storyboard in Resources */,
				5962C2C72A14298800C64427 /* GenreCollectionCell.xib in Resources */,
				596C1EEF2A223B0400F92577 /* MovieSearchVC.xib in Resources */,
				596C1EE62A2208B300F92577 /* CastCollectionCell.xib in Resources */,
				5925E8522A041BF600D71D9F /* Assets.xcassets in Resources */,
				59E77E882A0CCAB3005217D8 /* MovieDetailVC.xib in Resources */,
				592E1A842A081022007DABBB /* MovieTableCell.xib in Resources */,
			);
			runOnlyForDeploymentPostprocessing = 0;
		};
/* End PBXResourcesBuildPhase section */

/* Begin PBXShellScriptBuildPhase section */
		A9A508838CB63B8252A648E0 /* [CP] Embed Pods Frameworks */ = {
			isa = PBXShellScriptBuildPhase;
			buildActionMask = 2147483647;
			files = (
			);
			inputFileListPaths = (
				"${PODS_ROOT}/Target Support Files/Pods-swift-movie-tracker-mvvm/Pods-swift-movie-tracker-mvvm-frameworks-${CONFIGURATION}-input-files.xcfilelist",
			);
			name = "[CP] Embed Pods Frameworks";
			outputFileListPaths = (
				"${PODS_ROOT}/Target Support Files/Pods-swift-movie-tracker-mvvm/Pods-swift-movie-tracker-mvvm-frameworks-${CONFIGURATION}-output-files.xcfilelist",
			);
			runOnlyForDeploymentPostprocessing = 0;
			shellPath = /bin/sh;
			shellScript = "\"${PODS_ROOT}/Target Support Files/Pods-swift-movie-tracker-mvvm/Pods-swift-movie-tracker-mvvm-frameworks.sh\"\n";
			showEnvVarsInLog = 0;
		};
		EC2738706CF96A9EDCB3B613 /* [CP] Check Pods Manifest.lock */ = {
			isa = PBXShellScriptBuildPhase;
			buildActionMask = 2147483647;
			files = (
			);
			inputFileListPaths = (
			);
			inputPaths = (
				"${PODS_PODFILE_DIR_PATH}/Podfile.lock",
				"${PODS_ROOT}/Manifest.lock",
			);
			name = "[CP] Check Pods Manifest.lock";
			outputFileListPaths = (
			);
			outputPaths = (
				"$(DERIVED_FILE_DIR)/Pods-swift-movie-tracker-mvvm-checkManifestLockResult.txt",
			);
			runOnlyForDeploymentPostprocessing = 0;
			shellPath = /bin/sh;
			shellScript = "diff \"${PODS_PODFILE_DIR_PATH}/Podfile.lock\" \"${PODS_ROOT}/Manifest.lock\" > /dev/null\nif [ $? != 0 ] ; then\n    # print error to STDERR\n    echo \"error: The sandbox is not in sync with the Podfile.lock. Run 'pod install' or update your CocoaPods installation.\" >&2\n    exit 1\nfi\n# This output is used by Xcode 'outputs' to avoid re-running this script phase.\necho \"SUCCESS\" > \"${SCRIPT_OUTPUT_FILE_0}\"\n";
			showEnvVarsInLog = 0;
		};
/* End PBXShellScriptBuildPhase section */

/* Begin PBXSourcesBuildPhase section */
		5925E8412A041BF500D71D9F /* Sources */ = {
			isa = PBXSourcesBuildPhase;
			buildActionMask = 2147483647;
			files = (
				59E77E872A0CCAB3005217D8 /* MovieDetailVC.swift in Sources */,
				592E1A932A097996007DABBB /* FilterVM.swift in Sources */,
				592E1A952A0979EF007DABBB /* FilterModel.swift in Sources */,
				5925E86D2A0422C000D71D9F /* TabBarController.swift in Sources */,
				5925E8872A04369000D71D9F /* HomeVC.swift in Sources */,
				592E1A782A0800E1007DABBB /* Constant.swift in Sources */,
				59AB2D112A15615B00EFFBB1 /* MovieModel.swift in Sources */,
				5962C2C62A14298800C64427 /* GenreCollectionCell.swift in Sources */,
				596C1EF12A223B7000F92577 /* MovieSearchVM.swift in Sources */,
				592E1A6D2A07F2D9007DABBB /* NetworkHelper.swift in Sources */,
				5925E8792A04304C00D71D9F /* HighlightCollectionCell.swift in Sources */,
				592E1A6F2A07F2E1007DABBB /* NetworkManager.swift in Sources */,
				5925E88A2A0446E900D71D9F /* HomeVM.swift in Sources */,
				596E1A852A25440D00E76A91 /* UITextField+Ext.swift in Sources */,
				592E1A722A07F447007DABBB /* MovieService.swift in Sources */,
				592E1A7A2A080128007DABBB /* UIImageView+Ext.swift in Sources */,
				59705A032A1FFBFA00C18A79 /* CastsModel.swift in Sources */,
				596C1EEE2A223B0400F92577 /* MovieSearchVC.swift in Sources */,
				596C1EE52A2208B300F92577 /* CastCollectionCell.swift in Sources */,
				596C1EFA2A237B8E00F92577 /* UINavigationController+Ext.swift in Sources */,
				59E77E8C2A0CCAE0005217D8 /* MovieDetailVM.swift in Sources */,
				592E1A742A07F455007DABBB /* MovieHelper.swift in Sources */,
				5925E8492A041BF500D71D9F /* AppDelegate.swift in Sources */,
				5963ACDA2A2B3EC800C67643 /* PlaceholderTextView.swift in Sources */,
				5925E87E2A04328800D71D9F /* NibReuseProtocol.swift in Sources */,
				5925E8802A0432AA00D71D9F /* UITableView+Ext.swift in Sources */,
				592E1A8A2A0973E3007DABBB /* FilterSheet.swift in Sources */,
				5925E87C2A04325700D71D9F /* UICollectionView+Ext.swift in Sources */,
				592E1A862A096F31007DABBB /* UIImage+Ext.swift in Sources */,
				592E1A832A081022007DABBB /* MovieTableCell.swift in Sources */,
				59705A092A1FFED300C18A79 /* MoviesModel.swift in Sources */,
				590243312A3798080039E390 /* Colors.swift in Sources */,
				59705A012A1FFAEB00C18A79 /* CastService.swift in Sources */,
				592E1A902A097475007DABBB /* FilterTableCell.swift in Sources */,
				5925E84B2A041BF500D71D9F /* SceneDelegate.swift in Sources */,
			);
			runOnlyForDeploymentPostprocessing = 0;
		};
/* End PBXSourcesBuildPhase section */

/* Begin PBXVariantGroup section */
		5925E8532A041BF600D71D9F /* LaunchScreen.storyboard */ = {
			isa = PBXVariantGroup;
			children = (
				5925E8542A041BF600D71D9F /* Base */,
			);
			name = LaunchScreen.storyboard;
			sourceTree = "<group>";
		};
/* End PBXVariantGroup section */

/* Begin XCBuildConfiguration section */
		5925E8572A041BF600D71D9F /* Debug */ = {
			isa = XCBuildConfiguration;
			buildSettings = {
				ALWAYS_SEARCH_USER_PATHS = NO;
				CLANG_ANALYZER_NONNULL = YES;
				CLANG_ANALYZER_NUMBER_OBJECT_CONVERSION = YES_AGGRESSIVE;
				CLANG_CXX_LANGUAGE_STANDARD = "gnu++20";
				CLANG_ENABLE_MODULES = YES;
				CLANG_ENABLE_OBJC_ARC = YES;
				CLANG_ENABLE_OBJC_WEAK = YES;
				CLANG_WARN_BLOCK_CAPTURE_AUTORELEASING = YES;
				CLANG_WARN_BOOL_CONVERSION = YES;
				CLANG_WARN_COMMA = YES;
				CLANG_WARN_CONSTANT_CONVERSION = YES;
				CLANG_WARN_DEPRECATED_OBJC_IMPLEMENTATIONS = YES;
				CLANG_WARN_DIRECT_OBJC_ISA_USAGE = YES_ERROR;
				CLANG_WARN_DOCUMENTATION_COMMENTS = YES;
				CLANG_WARN_EMPTY_BODY = YES;
				CLANG_WARN_ENUM_CONVERSION = YES;
				CLANG_WARN_INFINITE_RECURSION = YES;
				CLANG_WARN_INT_CONVERSION = YES;
				CLANG_WARN_NON_LITERAL_NULL_CONVERSION = YES;
				CLANG_WARN_OBJC_IMPLICIT_RETAIN_SELF = YES;
				CLANG_WARN_OBJC_LITERAL_CONVERSION = YES;
				CLANG_WARN_OBJC_ROOT_CLASS = YES_ERROR;
				CLANG_WARN_QUOTED_INCLUDE_IN_FRAMEWORK_HEADER = YES;
				CLANG_WARN_RANGE_LOOP_ANALYSIS = YES;
				CLANG_WARN_STRICT_PROTOTYPES = YES;
				CLANG_WARN_SUSPICIOUS_MOVE = YES;
				CLANG_WARN_UNGUARDED_AVAILABILITY = YES_AGGRESSIVE;
				CLANG_WARN_UNREACHABLE_CODE = YES;
				CLANG_WARN__DUPLICATE_METHOD_MATCH = YES;
				COPY_PHASE_STRIP = NO;
				DEBUG_INFORMATION_FORMAT = dwarf;
				ENABLE_STRICT_OBJC_MSGSEND = YES;
				ENABLE_TESTABILITY = YES;
				GCC_C_LANGUAGE_STANDARD = gnu11;
				GCC_DYNAMIC_NO_PIC = NO;
				GCC_NO_COMMON_BLOCKS = YES;
				GCC_OPTIMIZATION_LEVEL = 0;
				GCC_PREPROCESSOR_DEFINITIONS = (
					"DEBUG=1",
					"$(inherited)",
				);
				GCC_WARN_64_TO_32_BIT_CONVERSION = YES;
				GCC_WARN_ABOUT_RETURN_TYPE = YES_ERROR;
				GCC_WARN_UNDECLARED_SELECTOR = YES;
				GCC_WARN_UNINITIALIZED_AUTOS = YES_AGGRESSIVE;
				GCC_WARN_UNUSED_FUNCTION = YES;
				GCC_WARN_UNUSED_VARIABLE = YES;
				IPHONEOS_DEPLOYMENT_TARGET = 16.0;
				MTL_ENABLE_DEBUG_INFO = INCLUDE_SOURCE;
				MTL_FAST_MATH = YES;
				ONLY_ACTIVE_ARCH = YES;
				SDKROOT = iphoneos;
				SWIFT_ACTIVE_COMPILATION_CONDITIONS = DEBUG;
				SWIFT_OPTIMIZATION_LEVEL = "-Onone";
			};
			name = Debug;
		};
		5925E8582A041BF600D71D9F /* Release */ = {
			isa = XCBuildConfiguration;
			buildSettings = {
				ALWAYS_SEARCH_USER_PATHS = NO;
				CLANG_ANALYZER_NONNULL = YES;
				CLANG_ANALYZER_NUMBER_OBJECT_CONVERSION = YES_AGGRESSIVE;
				CLANG_CXX_LANGUAGE_STANDARD = "gnu++20";
				CLANG_ENABLE_MODULES = YES;
				CLANG_ENABLE_OBJC_ARC = YES;
				CLANG_ENABLE_OBJC_WEAK = YES;
				CLANG_WARN_BLOCK_CAPTURE_AUTORELEASING = YES;
				CLANG_WARN_BOOL_CONVERSION = YES;
				CLANG_WARN_COMMA = YES;
				CLANG_WARN_CONSTANT_CONVERSION = YES;
				CLANG_WARN_DEPRECATED_OBJC_IMPLEMENTATIONS = YES;
				CLANG_WARN_DIRECT_OBJC_ISA_USAGE = YES_ERROR;
				CLANG_WARN_DOCUMENTATION_COMMENTS = YES;
				CLANG_WARN_EMPTY_BODY = YES;
				CLANG_WARN_ENUM_CONVERSION = YES;
				CLANG_WARN_INFINITE_RECURSION = YES;
				CLANG_WARN_INT_CONVERSION = YES;
				CLANG_WARN_NON_LITERAL_NULL_CONVERSION = YES;
				CLANG_WARN_OBJC_IMPLICIT_RETAIN_SELF = YES;
				CLANG_WARN_OBJC_LITERAL_CONVERSION = YES;
				CLANG_WARN_OBJC_ROOT_CLASS = YES_ERROR;
				CLANG_WARN_QUOTED_INCLUDE_IN_FRAMEWORK_HEADER = YES;
				CLANG_WARN_RANGE_LOOP_ANALYSIS = YES;
				CLANG_WARN_STRICT_PROTOTYPES = YES;
				CLANG_WARN_SUSPICIOUS_MOVE = YES;
				CLANG_WARN_UNGUARDED_AVAILABILITY = YES_AGGRESSIVE;
				CLANG_WARN_UNREACHABLE_CODE = YES;
				CLANG_WARN__DUPLICATE_METHOD_MATCH = YES;
				COPY_PHASE_STRIP = NO;
				DEBUG_INFORMATION_FORMAT = "dwarf-with-dsym";
				ENABLE_NS_ASSERTIONS = NO;
				ENABLE_STRICT_OBJC_MSGSEND = YES;
				GCC_C_LANGUAGE_STANDARD = gnu11;
				GCC_NO_COMMON_BLOCKS = YES;
				GCC_WARN_64_TO_32_BIT_CONVERSION = YES;
				GCC_WARN_ABOUT_RETURN_TYPE = YES_ERROR;
				GCC_WARN_UNDECLARED_SELECTOR = YES;
				GCC_WARN_UNINITIALIZED_AUTOS = YES_AGGRESSIVE;
				GCC_WARN_UNUSED_FUNCTION = YES;
				GCC_WARN_UNUSED_VARIABLE = YES;
				IPHONEOS_DEPLOYMENT_TARGET = 16.0;
				MTL_ENABLE_DEBUG_INFO = NO;
				MTL_FAST_MATH = YES;
				SDKROOT = iphoneos;
				SWIFT_COMPILATION_MODE = wholemodule;
				SWIFT_OPTIMIZATION_LEVEL = "-O";
				VALIDATE_PRODUCT = YES;
			};
			name = Release;
		};
		5925E85A2A041BF600D71D9F /* Debug */ = {
			isa = XCBuildConfiguration;
			baseConfigurationReference = D846A29C1DE38426C0FD6B52 /* Pods-swift-movie-tracker-mvvm.debug.xcconfig */;
			buildSettings = {
				ASSETCATALOG_COMPILER_APPICON_NAME = AppIcon;
				ASSETCATALOG_COMPILER_GLOBAL_ACCENT_COLOR_NAME = AccentColor;
				CODE_SIGN_STYLE = Automatic;
				CURRENT_PROJECT_VERSION = 1;
				DEVELOPMENT_TEAM = 3CA8G624J9;
				GENERATE_INFOPLIST_FILE = YES;
				INFOPLIST_FILE = "swift-movie-tracker-mvvm/Base/Info.plist";
				INFOPLIST_KEY_UIApplicationSupportsIndirectInputEvents = YES;
				INFOPLIST_KEY_UILaunchStoryboardName = LaunchScreen;
				INFOPLIST_KEY_UIMainStoryboardFile = "";
				INFOPLIST_KEY_UISupportedInterfaceOrientations_iPad = "UIInterfaceOrientationPortrait UIInterfaceOrientationPortraitUpsideDown UIInterfaceOrientationLandscapeLeft UIInterfaceOrientationLandscapeRight";
				INFOPLIST_KEY_UISupportedInterfaceOrientations_iPhone = "UIInterfaceOrientationPortrait UIInterfaceOrientationLandscapeLeft UIInterfaceOrientationLandscapeRight";
				LD_RUNPATH_SEARCH_PATHS = (
					"$(inherited)",
					"@executable_path/Frameworks",
				);
				MARKETING_VERSION = 1.0;
				PRODUCT_BUNDLE_IDENTIFIER = "com.mursel.swift-movie-tracker-mvvm";
				PRODUCT_NAME = "$(TARGET_NAME)";
				SWIFT_EMIT_LOC_STRINGS = YES;
				SWIFT_VERSION = 5.0;
				TARGETED_DEVICE_FAMILY = "1,2";
			};
			name = Debug;
		};
		5925E85B2A041BF600D71D9F /* Release */ = {
			isa = XCBuildConfiguration;
			baseConfigurationReference = 435018CD96903D1ECBCD4870 /* Pods-swift-movie-tracker-mvvm.release.xcconfig */;
			buildSettings = {
				ASSETCATALOG_COMPILER_APPICON_NAME = AppIcon;
				ASSETCATALOG_COMPILER_GLOBAL_ACCENT_COLOR_NAME = AccentColor;
				CODE_SIGN_STYLE = Automatic;
				CURRENT_PROJECT_VERSION = 1;
				DEVELOPMENT_TEAM = 3CA8G624J9;
				GENERATE_INFOPLIST_FILE = YES;
				INFOPLIST_FILE = "swift-movie-tracker-mvvm/Base/Info.plist";
				INFOPLIST_KEY_UIApplicationSupportsIndirectInputEvents = YES;
				INFOPLIST_KEY_UILaunchStoryboardName = LaunchScreen;
				INFOPLIST_KEY_UIMainStoryboardFile = "";
				INFOPLIST_KEY_UISupportedInterfaceOrientations_iPad = "UIInterfaceOrientationPortrait UIInterfaceOrientationPortraitUpsideDown UIInterfaceOrientationLandscapeLeft UIInterfaceOrientationLandscapeRight";
				INFOPLIST_KEY_UISupportedInterfaceOrientations_iPhone = "UIInterfaceOrientationPortrait UIInterfaceOrientationLandscapeLeft UIInterfaceOrientationLandscapeRight";
				LD_RUNPATH_SEARCH_PATHS = (
					"$(inherited)",
					"@executable_path/Frameworks",
				);
				MARKETING_VERSION = 1.0;
				PRODUCT_BUNDLE_IDENTIFIER = "com.mursel.swift-movie-tracker-mvvm";
				PRODUCT_NAME = "$(TARGET_NAME)";
				SWIFT_EMIT_LOC_STRINGS = YES;
				SWIFT_VERSION = 5.0;
				TARGETED_DEVICE_FAMILY = "1,2";
			};
			name = Release;
		};
/* End XCBuildConfiguration section */

/* Begin XCConfigurationList section */
		5925E8402A041BF500D71D9F /* Build configuration list for PBXProject "swift-movie-tracker-mvvm" */ = {
			isa = XCConfigurationList;
			buildConfigurations = (
				5925E8572A041BF600D71D9F /* Debug */,
				5925E8582A041BF600D71D9F /* Release */,
			);
			defaultConfigurationIsVisible = 0;
			defaultConfigurationName = Release;
		};
		5925E8592A041BF600D71D9F /* Build configuration list for PBXNativeTarget "swift-movie-tracker-mvvm" */ = {
			isa = XCConfigurationList;
			buildConfigurations = (
				5925E85A2A041BF600D71D9F /* Debug */,
				5925E85B2A041BF600D71D9F /* Release */,
			);
			defaultConfigurationIsVisible = 0;
			defaultConfigurationName = Release;
		};
/* End XCConfigurationList section */
	};
	rootObject = 5925E83D2A041BF500D71D9F /* Project object */;
}
